
Microsoft Visual Studio Solution File, Format Version 12.00
# Visual Studio Version 17
VisualStudioVersion = 17.4.33213.308
MinimumVisualStudioVersion = 10.0.40219.1
Project("{2150E333-8FDC-42A3-9474-1A3956D46DE8}") = "Services", "Services", "{C4ECF937-6154-4252-8055-36E75E09D959}"
EndProject
Project("{2150E333-8FDC-42A3-9474-1A3956D46DE8}") = "Identity", "Identity", "{CB9DAB7C-AF3C-42C3-BABC-84E1807320F2}"
EndProject
Project("{9A19103F-16F7-4668-BE54-9A1E7A4F7556}") = "Identity.Data", "Services\Identity\Identity.Data\Identity.Data.csproj", "{FEB87A58-4A73-47A6-A453-78B2DD15CDBC}"
EndProject
Project("{9A19103F-16F7-4668-BE54-9A1E7A4F7556}") = "Identity.BLL", "Services\Identity\Identity.BLL\Identity.BLL.csproj", "{67BD9E80-EE16-4C10-90A8-2DB29C991A4A}"
EndProject
Project("{9A19103F-16F7-4668-BE54-9A1E7A4F7556}") = "Identity.API", "Services\Identity\Identity.API\Identity.API\Identity.API.csproj", "{9DD3468E-162A-46BC-B285-A7599E8E7914}"
EndProject
Project("{9A19103F-16F7-4668-BE54-9A1E7A4F7556}") = "JwtAuthenticationManager", "Services\Identity\JwtAuthenticationManager\JwtAuthenticationManager.csproj", "{63C1E2C8-507F-451F-B348-F46F1DF99D93}"
EndProject
Project("{9A19103F-16F7-4668-BE54-9A1E7A4F7556}") = "GATEWAY", "GATEWAY\GATEWAY.csproj", "{F21388F0-575C-419D-BB55-4B3A2ED27012}"
EndProject
Project("{2150E333-8FDC-42A3-9474-1A3956D46DE8}") = "Элементы решения", "Элементы решения", "{39EA693F-FB84-41F6-9307-48A95207078F}"
	ProjectSection(SolutionItems) = preProject
		docker-compose.yml = docker-compose.yml
	EndProjectSection
EndProject
Project("{2150E333-8FDC-42A3-9474-1A3956D46DE8}") = "Tools", "Tools", "{41EA5E77-CF6B-40A9-AC76-A19FD7C2A560}"
EndProject
Project("{2150E333-8FDC-42A3-9474-1A3956D46DE8}") = "UserService", "UserService", "{1F4ED3CF-8444-4374-99F5-6AD2E4A6A3E0}"
EndProject
Project("{FAE04EC0-301F-11D3-BF4B-00C04F79EFBC}") = "UserService.Api", "Services\UserService\UserService.Api\UserService.Api.csproj", "{F71841C2-A6E1-4BC5-B055-3F82B14E60C8}"
EndProject
Project("{FAE04EC0-301F-11D3-BF4B-00C04F79EFBC}") = "UserService.Data", "Services\UserService\UserService.Data\UserService.Data.csproj", "{6F8C16C7-D83F-4508-B69B-BD88238BB581}"
EndProject
Project("{FAE04EC0-301F-11D3-BF4B-00C04F79EFBC}") = "UserService.BLL", "Services\UserService\UserService.BLL\UserService.BLL.csproj", "{F4A663D8-9E8E-494A-B79D-6AACC429B811}"
EndProject
Project("{FAE04EC0-301F-11D3-BF4B-00C04F79EFBC}") = "Tools.GenericModels", "Services\Tools\Tools.GenericModels\Tools.GenericModels.csproj", "{B31F3CA7-661A-4951-AE30-31264831CCEF}"
EndProject
Project("{9A19103F-16F7-4668-BE54-9A1E7A4F7556}") = "Tools.Controller", "Services\Tools\Tools.Controller\Tools.Controller.csproj", "{A71BB408-855A-499B-87CD-9D68B03B1241}"
EndProject
Global
	GlobalSection(SolutionConfigurationPlatforms) = preSolution
		Debug|Any CPU = Debug|Any CPU
		Release|Any CPU = Release|Any CPU
		Мое|Any CPU = Мое|Any CPU
	EndGlobalSection
	GlobalSection(ProjectConfigurationPlatforms) = postSolution
		{FEB87A58-4A73-47A6-A453-78B2DD15CDBC}.Debug|Any CPU.ActiveCfg = Debug|Any CPU
		{FEB87A58-4A73-47A6-A453-78B2DD15CDBC}.Debug|Any CPU.Build.0 = Debug|Any CPU
		{FEB87A58-4A73-47A6-A453-78B2DD15CDBC}.Release|Any CPU.ActiveCfg = Release|Any CPU
		{FEB87A58-4A73-47A6-A453-78B2DD15CDBC}.Release|Any CPU.Build.0 = Release|Any CPU
		{FEB87A58-4A73-47A6-A453-78B2DD15CDBC}.Мое|Any CPU.ActiveCfg = Мое|Any CPU
		{FEB87A58-4A73-47A6-A453-78B2DD15CDBC}.Мое|Any CPU.Build.0 = Мое|Any CPU
		{67BD9E80-EE16-4C10-90A8-2DB29C991A4A}.Debug|Any CPU.ActiveCfg = Debug|Any CPU
		{67BD9E80-EE16-4C10-90A8-2DB29C991A4A}.Debug|Any CPU.Build.0 = Debug|Any CPU
		{67BD9E80-EE16-4C10-90A8-2DB29C991A4A}.Release|Any CPU.ActiveCfg = Release|Any CPU
		{67BD9E80-EE16-4C10-90A8-2DB29C991A4A}.Release|Any CPU.Build.0 = Release|Any CPU
		{67BD9E80-EE16-4C10-90A8-2DB29C991A4A}.Мое|Any CPU.ActiveCfg = Мое|Any CPU
		{67BD9E80-EE16-4C10-90A8-2DB29C991A4A}.Мое|Any CPU.Build.0 = Мое|Any CPU
		{9DD3468E-162A-46BC-B285-A7599E8E7914}.Debug|Any CPU.ActiveCfg = Debug|Any CPU
		{9DD3468E-162A-46BC-B285-A7599E8E7914}.Debug|Any CPU.Build.0 = Debug|Any CPU
		{9DD3468E-162A-46BC-B285-A7599E8E7914}.Release|Any CPU.ActiveCfg = Release|Any CPU
		{9DD3468E-162A-46BC-B285-A7599E8E7914}.Release|Any CPU.Build.0 = Release|Any CPU
		{9DD3468E-162A-46BC-B285-A7599E8E7914}.Мое|Any CPU.ActiveCfg = Debug|Any CPU
		{9DD3468E-162A-46BC-B285-A7599E8E7914}.Мое|Any CPU.Build.0 = Debug|Any CPU
		{63C1E2C8-507F-451F-B348-F46F1DF99D93}.Debug|Any CPU.ActiveCfg = Debug|Any CPU
		{63C1E2C8-507F-451F-B348-F46F1DF99D93}.Debug|Any CPU.Build.0 = Debug|Any CPU
		{63C1E2C8-507F-451F-B348-F46F1DF99D93}.Release|Any CPU.ActiveCfg = Release|Any CPU
		{63C1E2C8-507F-451F-B348-F46F1DF99D93}.Release|Any CPU.Build.0 = Release|Any CPU
		{63C1E2C8-507F-451F-B348-F46F1DF99D93}.Мое|Any CPU.ActiveCfg = Debug|Any CPU
		{63C1E2C8-507F-451F-B348-F46F1DF99D93}.Мое|Any CPU.Build.0 = Debug|Any CPU
		{F21388F0-575C-419D-BB55-4B3A2ED27012}.Debug|Any CPU.ActiveCfg = Debug|Any CPU
		{F21388F0-575C-419D-BB55-4B3A2ED27012}.Debug|Any CPU.Build.0 = Debug|Any CPU
		{F21388F0-575C-419D-BB55-4B3A2ED27012}.Release|Any CPU.ActiveCfg = Release|Any CPU
		{F21388F0-575C-419D-BB55-4B3A2ED27012}.Release|Any CPU.Build.0 = Release|Any CPU
		{F21388F0-575C-419D-BB55-4B3A2ED27012}.Мое|Any CPU.ActiveCfg = Debug|Any CPU
		{F21388F0-575C-419D-BB55-4B3A2ED27012}.Мое|Any CPU.Build.0 = Debug|Any CPU
		{F71841C2-A6E1-4BC5-B055-3F82B14E60C8}.Debug|Any CPU.ActiveCfg = Debug|Any CPU
		{F71841C2-A6E1-4BC5-B055-3F82B14E60C8}.Debug|Any CPU.Build.0 = Debug|Any CPU
		{F71841C2-A6E1-4BC5-B055-3F82B14E60C8}.Release|Any CPU.ActiveCfg = Release|Any CPU
		{F71841C2-A6E1-4BC5-B055-3F82B14E60C8}.Release|Any CPU.Build.0 = Release|Any CPU
		{F71841C2-A6E1-4BC5-B055-3F82B14E60C8}.Мое|Any CPU.ActiveCfg = Debug|Any CPU
		{F71841C2-A6E1-4BC5-B055-3F82B14E60C8}.Мое|Any CPU.Build.0 = Debug|Any CPU
		{6F8C16C7-D83F-4508-B69B-BD88238BB581}.Debug|Any CPU.ActiveCfg = Debug|Any CPU
		{6F8C16C7-D83F-4508-B69B-BD88238BB581}.Debug|Any CPU.Build.0 = Debug|Any CPU
		{6F8C16C7-D83F-4508-B69B-BD88238BB581}.Release|Any CPU.ActiveCfg = Release|Any CPU
		{6F8C16C7-D83F-4508-B69B-BD88238BB581}.Release|Any CPU.Build.0 = Release|Any CPU
		{6F8C16C7-D83F-4508-B69B-BD88238BB581}.Мое|Any CPU.ActiveCfg = Debug|Any CPU
		{6F8C16C7-D83F-4508-B69B-BD88238BB581}.Мое|Any CPU.Build.0 = Debug|Any CPU
		{F4A663D8-9E8E-494A-B79D-6AACC429B811}.Debug|Any CPU.ActiveCfg = Debug|Any CPU
		{F4A663D8-9E8E-494A-B79D-6AACC429B811}.Debug|Any CPU.Build.0 = Debug|Any CPU
		{F4A663D8-9E8E-494A-B79D-6AACC429B811}.Release|Any CPU.ActiveCfg = Release|Any CPU
		{F4A663D8-9E8E-494A-B79D-6AACC429B811}.Release|Any CPU.Build.0 = Release|Any CPU
		{F4A663D8-9E8E-494A-B79D-6AACC429B811}.Мое|Any CPU.ActiveCfg = Debug|Any CPU
		{F4A663D8-9E8E-494A-B79D-6AACC429B811}.Мое|Any CPU.Build.0 = Debug|Any CPU
		{B31F3CA7-661A-4951-AE30-31264831CCEF}.Debug|Any CPU.ActiveCfg = Debug|Any CPU
		{B31F3CA7-661A-4951-AE30-31264831CCEF}.Debug|Any CPU.Build.0 = Debug|Any CPU
		{B31F3CA7-661A-4951-AE30-31264831CCEF}.Release|Any CPU.ActiveCfg = Release|Any CPU
		{B31F3CA7-661A-4951-AE30-31264831CCEF}.Release|Any CPU.Build.0 = Release|Any CPU
		{B31F3CA7-661A-4951-AE30-31264831CCEF}.Мое|Any CPU.ActiveCfg = Debug|Any CPU
		{B31F3CA7-661A-4951-AE30-31264831CCEF}.Мое|Any CPU.Build.0 = Debug|Any CPU
		{A71BB408-855A-499B-87CD-9D68B03B1241}.Debug|Any CPU.ActiveCfg = Debug|Any CPU
		{A71BB408-855A-499B-87CD-9D68B03B1241}.Debug|Any CPU.Build.0 = Debug|Any CPU
		{A71BB408-855A-499B-87CD-9D68B03B1241}.Release|Any CPU.ActiveCfg = Release|Any CPU
		{A71BB408-855A-499B-87CD-9D68B03B1241}.Release|Any CPU.Build.0 = Release|Any CPU
		{A71BB408-855A-499B-87CD-9D68B03B1241}.Мое|Any CPU.ActiveCfg = Debug|Any CPU
		{A71BB408-855A-499B-87CD-9D68B03B1241}.Мое|Any CPU.Build.0 = Debug|Any CPU
	EndGlobalSection
	GlobalSection(SolutionProperties) = preSolution
		HideSolutionNode = FALSE
	EndGlobalSection
	GlobalSection(NestedProjects) = preSolution
		{CB9DAB7C-AF3C-42C3-BABC-84E1807320F2} = {C4ECF937-6154-4252-8055-36E75E09D959}
		{FEB87A58-4A73-47A6-A453-78B2DD15CDBC} = {CB9DAB7C-AF3C-42C3-BABC-84E1807320F2}
		{67BD9E80-EE16-4C10-90A8-2DB29C991A4A} = {CB9DAB7C-AF3C-42C3-BABC-84E1807320F2}
		{9DD3468E-162A-46BC-B285-A7599E8E7914} = {CB9DAB7C-AF3C-42C3-BABC-84E1807320F2}
		{63C1E2C8-507F-451F-B348-F46F1DF99D93} = {CB9DAB7C-AF3C-42C3-BABC-84E1807320F2}
		{41EA5E77-CF6B-40A9-AC76-A19FD7C2A560} = {C4ECF937-6154-4252-8055-36E75E09D959}
		{1F4ED3CF-8444-4374-99F5-6AD2E4A6A3E0} = {C4ECF937-6154-4252-8055-36E75E09D959}
		{F71841C2-A6E1-4BC5-B055-3F82B14E60C8} = {1F4ED3CF-8444-4374-99F5-6AD2E4A6A3E0}
		{6F8C16C7-D83F-4508-B69B-BD88238BB581} = {1F4ED3CF-8444-4374-99F5-6AD2E4A6A3E0}
		{F4A663D8-9E8E-494A-B79D-6AACC429B811} = {1F4ED3CF-8444-4374-99F5-6AD2E4A6A3E0}
		{B31F3CA7-661A-4951-AE30-31264831CCEF} = {41EA5E77-CF6B-40A9-AC76-A19FD7C2A560}
		{A71BB408-855A-499B-87CD-9D68B03B1241} = {41EA5E77-CF6B-40A9-AC76-A19FD7C2A560}
	EndGlobalSection
	GlobalSection(ExtensibilityGlobals) = postSolution
		SolutionGuid = {FAE9CA5E-027C-4B94-88C7-C198A9B07E2D}
	EndGlobalSection
EndGlobal
